
Microsoft Visual Studio Solution File, Format Version 12.00
# Visual Studio Version 17
VisualStudioVersion = 17.14.36408.4 d17.14
MinimumVisualStudioVersion = 10.0.40219.1
Project("{FAE04EC0-301F-11D3-BF4B-00C04F79EFBC}") = "Bai7PhieuBaiTap1", "Bai7PhieuBaiTap1.csproj", "{7454E96C-0523-4373-93C0-418E9F125D5C}"
EndProject
Global
	GlobalSection(SolutionConfigurationPlatforms) = preSolution
		Debug|Any CPU = Debug|Any CPU
		Release|Any CPU = Release|Any CPU
	EndGlobalSection
	GlobalSection(ProjectConfigurationPlatforms) = postSolution
		{7454E96C-0523-4373-93C0-418E9F125D5C}.Debug|Any CPU.ActiveCfg = Debug|Any CPU
		{7454E96C-0523-4373-93C0-418E9F125D5C}.Debug|Any CPU.Build.0 = Debug|Any CPU
		{7454E96C-0523-4373-93C0-418E9F125D5C}.Release|Any CPU.ActiveCfg = Release|Any CPU
		{7454E96C-0523-4373-93C0-418E9F125D5C}.Release|Any CPU.Build.0 = Release|Any CPU
	EndGlobalSection
	GlobalSection(SolutionProperties) = preSolution
		HideSolutionNode = FALSE
	EndGlobalSection
	GlobalSection(ExtensibilityGlobals) = postSolution
		SolutionGuid = {63A18F13-91DA-43F3-9A9C-70F746A19DD5}
	EndGlobalSection
EndGlobal
