
Microsoft Visual Studio Solution File, Format Version 12.00
# Visual Studio Version 17
VisualStudioVersion = 17.14.36408.4 d17.14
MinimumVisualStudioVersion = 10.0.40219.1
Project("{FAE04EC0-301F-11D3-BF4B-00C04F79EFBC}") = "Bai7ThucHanhPhan2Winform", "Bai7ThucHanhPhan2Winform.csproj", "{6E5DDFD7-0DC6-4C4E-BF38-9A67DF4A9FEE}"
EndProject
Global
	GlobalSection(SolutionConfigurationPlatforms) = preSolution
		Debug|Any CPU = Debug|Any CPU
		Release|Any CPU = Release|Any CPU
	EndGlobalSection
	GlobalSection(ProjectConfigurationPlatforms) = postSolution
		{6E5DDFD7-0DC6-4C4E-BF38-9A67DF4A9FEE}.Debug|Any CPU.ActiveCfg = Debug|Any CPU
		{6E5DDFD7-0DC6-4C4E-BF38-9A67DF4A9FEE}.Debug|Any CPU.Build.0 = Debug|Any CPU
		{6E5DDFD7-0DC6-4C4E-BF38-9A67DF4A9FEE}.Release|Any CPU.ActiveCfg = Release|Any CPU
		{6E5DDFD7-0DC6-4C4E-BF38-9A67DF4A9FEE}.Release|Any CPU.Build.0 = Release|Any CPU
	EndGlobalSection
	GlobalSection(SolutionProperties) = preSolution
		HideSolutionNode = FALSE
	EndGlobalSection
	GlobalSection(ExtensibilityGlobals) = postSolution
		SolutionGuid = {F0822C89-2F13-40C6-8877-3474F361D48C}
	EndGlobalSection
EndGlobal
