
Microsoft Visual Studio Solution File, Format Version 12.00
# Visual Studio Version 17
VisualStudioVersion = 17.14.36408.4 d17.14
MinimumVisualStudioVersion = 10.0.40219.1
Project("{FAE04EC0-301F-11D3-BF4B-00C04F79EFBC}") = "Bai9XayDungWebApi", "Bai9XayDungWebApi.csproj", "{09034CF0-D5F9-4C3B-9311-1812778166D2}"
EndProject
Global
	GlobalSection(SolutionConfigurationPlatforms) = preSolution
		Debug|Any CPU = Debug|Any CPU
		Release|Any CPU = Release|Any CPU
	EndGlobalSection
	GlobalSection(ProjectConfigurationPlatforms) = postSolution
		{09034CF0-D5F9-4C3B-9311-1812778166D2}.Debug|Any CPU.ActiveCfg = Debug|Any CPU
		{09034CF0-D5F9-4C3B-9311-1812778166D2}.Debug|Any CPU.Build.0 = Debug|Any CPU
		{09034CF0-D5F9-4C3B-9311-1812778166D2}.Release|Any CPU.ActiveCfg = Release|Any CPU
		{09034CF0-D5F9-4C3B-9311-1812778166D2}.Release|Any CPU.Build.0 = Release|Any CPU
	EndGlobalSection
	GlobalSection(SolutionProperties) = preSolution
		HideSolutionNode = FALSE
	EndGlobalSection
	GlobalSection(ExtensibilityGlobals) = postSolution
		SolutionGuid = {BB485B8D-179F-4BE4-AB65-484E0DEC56FD}
	EndGlobalSection
EndGlobal
