
Microsoft Visual Studio Solution File, Format Version 12.00
# Visual Studio Version 17
VisualStudioVersion = 17.14.36408.4 d17.14
MinimumVisualStudioVersion = 10.0.40219.1
Project("{FAE04EC0-301F-11D3-BF4B-00C04F79EFBC}") = "DemoXml", "DemoXml.csproj", "{5D211299-7171-42B8-965B-5797590DF15D}"
EndProject
Global
	GlobalSection(SolutionConfigurationPlatforms) = preSolution
		Debug|Any CPU = Debug|Any CPU
		Release|Any CPU = Release|Any CPU
	EndGlobalSection
	GlobalSection(ProjectConfigurationPlatforms) = postSolution
		{5D211299-7171-42B8-965B-5797590DF15D}.Debug|Any CPU.ActiveCfg = Debug|Any CPU
		{5D211299-7171-42B8-965B-5797590DF15D}.Debug|Any CPU.Build.0 = Debug|Any CPU
		{5D211299-7171-42B8-965B-5797590DF15D}.Release|Any CPU.ActiveCfg = Release|Any CPU
		{5D211299-7171-42B8-965B-5797590DF15D}.Release|Any CPU.Build.0 = Release|Any CPU
	EndGlobalSection
	GlobalSection(SolutionProperties) = preSolution
		HideSolutionNode = FALSE
	EndGlobalSection
	GlobalSection(ExtensibilityGlobals) = postSolution
		SolutionGuid = {5A58AD8D-5C7D-4103-BFBD-9FB491DC00AE}
	EndGlobalSection
EndGlobal
