
Microsoft Visual Studio Solution File, Format Version 12.00
# Visual Studio Version 17
VisualStudioVersion = 17.14.36408.4 d17.14
MinimumVisualStudioVersion = 10.0.40219.1
Project("{FAE04EC0-301F-11D3-BF4B-00C04F79EFBC}") = "Bai1", "Bai1.csproj", "{707D48AB-5E2F-4D09-8072-65288855307C}"
EndProject
Global
	GlobalSection(SolutionConfigurationPlatforms) = preSolution
		Debug|Any CPU = Debug|Any CPU
		Release|Any CPU = Release|Any CPU
	EndGlobalSection
	GlobalSection(ProjectConfigurationPlatforms) = postSolution
		{707D48AB-5E2F-4D09-8072-65288855307C}.Debug|Any CPU.ActiveCfg = Debug|Any CPU
		{707D48AB-5E2F-4D09-8072-65288855307C}.Debug|Any CPU.Build.0 = Debug|Any CPU
		{707D48AB-5E2F-4D09-8072-65288855307C}.Release|Any CPU.ActiveCfg = Release|Any CPU
		{707D48AB-5E2F-4D09-8072-65288855307C}.Release|Any CPU.Build.0 = Release|Any CPU
	EndGlobalSection
	GlobalSection(SolutionProperties) = preSolution
		HideSolutionNode = FALSE
	EndGlobalSection
	GlobalSection(ExtensibilityGlobals) = postSolution
		SolutionGuid = {03505EB1-8732-477F-A6CB-41219CB76A6F}
	EndGlobalSection
EndGlobal
