
Microsoft Visual Studio Solution File, Format Version 12.00
# Visual Studio Version 17
VisualStudioVersion = 17.14.36408.4 d17.14
MinimumVisualStudioVersion = 10.0.40219.1
Project("{FAE04EC0-301F-11D3-BF4B-00C04F79EFBC}") = "Bai8PhieuBaiTap1", "Bai8PhieuBaiTap1.csproj", "{00CA12F6-C7CE-497D-A37C-623F93B29839}"
EndProject
Global
	GlobalSection(SolutionConfigurationPlatforms) = preSolution
		Debug|Any CPU = Debug|Any CPU
		Release|Any CPU = Release|Any CPU
	EndGlobalSection
	GlobalSection(ProjectConfigurationPlatforms) = postSolution
		{00CA12F6-C7CE-497D-A37C-623F93B29839}.Debug|Any CPU.ActiveCfg = Debug|Any CPU
		{00CA12F6-C7CE-497D-A37C-623F93B29839}.Debug|Any CPU.Build.0 = Debug|Any CPU
		{00CA12F6-C7CE-497D-A37C-623F93B29839}.Release|Any CPU.ActiveCfg = Release|Any CPU
		{00CA12F6-C7CE-497D-A37C-623F93B29839}.Release|Any CPU.Build.0 = Release|Any CPU
	EndGlobalSection
	GlobalSection(SolutionProperties) = preSolution
		HideSolutionNode = FALSE
	EndGlobalSection
	GlobalSection(ExtensibilityGlobals) = postSolution
		SolutionGuid = {BCB188DB-9B34-401A-83F1-AFD2F17B95A7}
	EndGlobalSection
EndGlobal
