
Microsoft Visual Studio Solution File, Format Version 12.00
# Visual Studio Version 17
VisualStudioVersion = 17.14.36408.4 d17.14
MinimumVisualStudioVersion = 10.0.40219.1
Project("{FAE04EC0-301F-11D3-BF4B-00C04F79EFBC}") = "BaiThucHanhTrenLopBuoi5", "BaiThucHanhTrenLopBuoi5.csproj", "{F858DB54-83A0-4E71-ABA5-D902F43E94A1}"
EndProject
Global
	GlobalSection(SolutionConfigurationPlatforms) = preSolution
		Debug|Any CPU = Debug|Any CPU
		Release|Any CPU = Release|Any CPU
	EndGlobalSection
	GlobalSection(ProjectConfigurationPlatforms) = postSolution
		{F858DB54-83A0-4E71-ABA5-D902F43E94A1}.Debug|Any CPU.ActiveCfg = Debug|Any CPU
		{F858DB54-83A0-4E71-ABA5-D902F43E94A1}.Debug|Any CPU.Build.0 = Debug|Any CPU
		{F858DB54-83A0-4E71-ABA5-D902F43E94A1}.Release|Any CPU.ActiveCfg = Release|Any CPU
		{F858DB54-83A0-4E71-ABA5-D902F43E94A1}.Release|Any CPU.Build.0 = Release|Any CPU
	EndGlobalSection
	GlobalSection(SolutionProperties) = preSolution
		HideSolutionNode = FALSE
	EndGlobalSection
	GlobalSection(ExtensibilityGlobals) = postSolution
		SolutionGuid = {73DF9658-47C9-426C-9670-63A9B77F932E}
	EndGlobalSection
EndGlobal
