
Microsoft Visual Studio Solution File, Format Version 12.00
# Visual Studio Version 17
VisualStudioVersion = 17.14.36408.4 d17.14
MinimumVisualStudioVersion = 10.0.40219.1
Project("{FAE04EC0-301F-11D3-BF4B-00C04F79EFBC}") = "Bai7ThucHanhPhan1", "Bai7ThucHanhPhan1.csproj", "{A7A57E57-6BD4-4217-85C3-1E393AAFC3BA}"
EndProject
Global
	GlobalSection(SolutionConfigurationPlatforms) = preSolution
		Debug|Any CPU = Debug|Any CPU
		Release|Any CPU = Release|Any CPU
	EndGlobalSection
	GlobalSection(ProjectConfigurationPlatforms) = postSolution
		{A7A57E57-6BD4-4217-85C3-1E393AAFC3BA}.Debug|Any CPU.ActiveCfg = Debug|Any CPU
		{A7A57E57-6BD4-4217-85C3-1E393AAFC3BA}.Debug|Any CPU.Build.0 = Debug|Any CPU
		{A7A57E57-6BD4-4217-85C3-1E393AAFC3BA}.Release|Any CPU.ActiveCfg = Release|Any CPU
		{A7A57E57-6BD4-4217-85C3-1E393AAFC3BA}.Release|Any CPU.Build.0 = Release|Any CPU
	EndGlobalSection
	GlobalSection(SolutionProperties) = preSolution
		HideSolutionNode = FALSE
	EndGlobalSection
	GlobalSection(ExtensibilityGlobals) = postSolution
		SolutionGuid = {F1926710-96A7-4B9F-8B88-6C9C5193FC4A}
	EndGlobalSection
EndGlobal
