
Microsoft Visual Studio Solution File, Format Version 12.00
# Visual Studio Version 17
VisualStudioVersion = 17.14.36408.4 d17.14
MinimumVisualStudioVersion = 10.0.40219.1
Project("{FAE04EC0-301F-11D3-BF4B-00C04F79EFBC}") = "BaiThucHanhTrenLopBuoi4", "BaiThucHanhTrenLopBuoi4.csproj", "{3AA68F81-E976-453C-A961-B18FBA42C5C3}"
EndProject
Global
	GlobalSection(SolutionConfigurationPlatforms) = preSolution
		Debug|Any CPU = Debug|Any CPU
		Release|Any CPU = Release|Any CPU
	EndGlobalSection
	GlobalSection(ProjectConfigurationPlatforms) = postSolution
		{3AA68F81-E976-453C-A961-B18FBA42C5C3}.Debug|Any CPU.ActiveCfg = Debug|Any CPU
		{3AA68F81-E976-453C-A961-B18FBA42C5C3}.Debug|Any CPU.Build.0 = Debug|Any CPU
		{3AA68F81-E976-453C-A961-B18FBA42C5C3}.Release|Any CPU.ActiveCfg = Release|Any CPU
		{3AA68F81-E976-453C-A961-B18FBA42C5C3}.Release|Any CPU.Build.0 = Release|Any CPU
	EndGlobalSection
	GlobalSection(SolutionProperties) = preSolution
		HideSolutionNode = FALSE
	EndGlobalSection
	GlobalSection(ExtensibilityGlobals) = postSolution
		SolutionGuid = {565BA942-4A2E-4A2B-81AB-A088892B64C9}
	EndGlobalSection
EndGlobal
